
Microsoft Visual Studio Solution File, Format Version 12.00
# Visual Studio Version 17
VisualStudioVersion = 17.13.35931.197
MinimumVisualStudioVersion = 10.0.40219.1
Project("{FAE04EC0-301F-11D3-BF4B-00C04F79EFBC}") = "Vicold.Atmospex.Shell", "Vicold.Atmospex\Vicold.Atmospex.Shell\Vicold.Atmospex.Shell.csproj", "{7F0C8178-5911-4050-50FC-F67E6BD052A2}"
EndProject
Project("{FAE04EC0-301F-11D3-BF4B-00C04F79EFBC}") = "Vicold.Atmospex.Shell.Core", "Vicold.Atmospex\Vicold.Atmospex.Shell.Core\Vicold.Atmospex.Shell.Core.csproj", "{88A3A44B-9E4A-AB68-8891-859B5359B323}"
EndProject
Project("{FAE04EC0-301F-11D3-BF4B-00C04F79EFBC}") = "Vicold.Atmospex.Shell.Tests.MSTest", "Vicold.Atmospex\Vicold.Atmospex.Shell.Tests.MSTest\Vicold.Atmospex.Shell.Tests.MSTest.csproj", "{F3093976-363B-2638-B6D9-D66C0C5FFC8E}"
EndProject
Project("{FAE04EC0-301F-11D3-BF4B-00C04F79EFBC}") = "Vicold.Atmospex.Render", "Vicold.Atmospex.Render\Vicold.Atmospex.Render\Vicold.Atmospex.Render.csproj", "{F1BE61B0-045B-7D1E-57C7-EA489017FFE1}"
EndProject
Project("{FAE04EC0-301F-11D3-BF4B-00C04F79EFBC}") = "Vicold.Atmospex.Render.Frame", "Vicold.Atmospex.Render\Vicold.Atmospex.Render.Frame\Vicold.Atmospex.Render.Frame.csproj", "{8E13BC7A-E117-A53B-BE91-92A909013524}"
EndProject
Project("{FAE04EC0-301F-11D3-BF4B-00C04F79EFBC}") = "Vicold.Atmospex.Asserts", "Vicold.Atmospex\Vicold.Atmospex.Asserts\Vicold.Atmospex.Asserts.csproj", "{F2DE8927-D80A-4751-952E-36E0B106500B}"
EndProject
Project("{FAE04EC0-301F-11D3-BF4B-00C04F79EFBC}") = "Vicold.Atmospex.Earth", "Vicold.Atmospex\Vicold.Atmospex.Earth\Vicold.Atmospex.Earth.csproj", "{776D19F4-BCB5-42D6-9000-11C39CA40B42}"
EndProject
Project("{FAE04EC0-301F-11D3-BF4B-00C04F79EFBC}") = "Vicold.Atmospex.Data", "Vicold.Atmospex\Vicold.Atmospex.Data\Vicold.Atmospex.Data.csproj", "{33F22DEF-C085-4DFB-85BD-5D01205B55E3}"
EndProject
Project("{FAE04EC0-301F-11D3-BF4B-00C04F79EFBC}") = "Vicold.Atmospex.Layer", "Vicold.Atmospex\Vicold.Atmospex.Layer\Vicold.Atmospex.Layer.csproj", "{2734A391-1D7B-4F3A-9EE8-544B09AE4BF4}"
EndProject
Project("{FAE04EC0-301F-11D3-BF4B-00C04F79EFBC}") = "Vicold.Atmospex.Algorithm", "Vicold.Atmospex\Vicold.Atmospex.Algorithm\Vicold.Atmospex.Algorithm.csproj", "{0043620B-0DFC-4F63-BD3D-9492857BB611}"
EndProject
Project("{FAE04EC0-301F-11D3-BF4B-00C04F79EFBC}") = "Vicold.Atmospex.Style", "Vicold.Atmospex\Vicold.Atmospex.Style\Vicold.Atmospex.Style.csproj", "{B3972FE4-7C86-4815-ABA8-DCEC63011C23}"
EndProject
Project("{FAE04EC0-301F-11D3-BF4B-00C04F79EFBC}") = "Vicold.Atmospex.Configration", "Vicold.Atmospex\Vicold.Atmospex.Configration\Vicold.Atmospex.Configration.csproj", "{1A81A117-A36A-8FF2-38E6-8198605B802D}"
EndProject
Project("{FAE04EC0-301F-11D3-BF4B-00C04F79EFBC}") = "Vicold.Atmospex.FileSystem", "Vicold.Atmospex\Vicold.Atmospex.FileSystem\Vicold.Atmospex.FileSystem.csproj", "{2EA92BAF-C69B-49BF-B5E7-2CF3E9C165A2}"
EndProject
Project("{FAE04EC0-301F-11D3-BF4B-00C04F79EFBC}") = "Vicold.Atmospex.Core", "Vicold.Atmospex\Vicold.Atmospex.Core\Vicold.Atmospex.Core.csproj", "{9C119819-7645-4EE2-8206-78345A3F22A7}"
EndProject
Project("{FAE04EC0-301F-11D3-BF4B-00C04F79EFBC}") = "Vicold.Atmospex.CoreService", "Vicold.Atmospex\Vicold.Atmospex.CoreService\Vicold.Atmospex.CoreService.csproj", "{9399B457-2D88-4577-91A9-6BCD35EF4719}"
EndProject
Global
	GlobalSection(SolutionConfigurationPlatforms) = preSolution
		Debug|x64 = Debug|x64
		Release|x64 = Release|x64
	EndGlobalSection
	GlobalSection(ProjectConfigurationPlatforms) = postSolution
		{7F0C8178-5911-4050-50FC-F67E6BD052A2}.Debug|x64.ActiveCfg = Debug|x64
		{7F0C8178-5911-4050-50FC-F67E6BD052A2}.Debug|x64.Build.0 = Debug|x64
		{7F0C8178-5911-4050-50FC-F67E6BD052A2}.Debug|x64.Deploy.0 = Debug|x64
		{7F0C8178-5911-4050-50FC-F67E6BD052A2}.Release|x64.ActiveCfg = Release|x64
		{7F0C8178-5911-4050-50FC-F67E6BD052A2}.Release|x64.Build.0 = Release|x64
		{7F0C8178-5911-4050-50FC-F67E6BD052A2}.Release|x64.Deploy.0 = Release|x64
		{88A3A44B-9E4A-AB68-8891-859B5359B323}.Debug|x64.ActiveCfg = Debug|x64
		{88A3A44B-9E4A-AB68-8891-859B5359B323}.Debug|x64.Build.0 = Debug|x64
		{88A3A44B-9E4A-AB68-8891-859B5359B323}.Release|x64.ActiveCfg = Release|x64
		{88A3A44B-9E4A-AB68-8891-859B5359B323}.Release|x64.Build.0 = Release|x64
		{F3093976-363B-2638-B6D9-D66C0C5FFC8E}.Debug|x64.ActiveCfg = Debug|x64
		{F3093976-363B-2638-B6D9-D66C0C5FFC8E}.Debug|x64.Build.0 = Debug|x64
		{F3093976-363B-2638-B6D9-D66C0C5FFC8E}.Release|x64.ActiveCfg = Release|x64
		{F3093976-363B-2638-B6D9-D66C0C5FFC8E}.Release|x64.Build.0 = Release|x64
		{F1BE61B0-045B-7D1E-57C7-EA489017FFE1}.Debug|x64.ActiveCfg = Debug|Any CPU
		{F1BE61B0-045B-7D1E-57C7-EA489017FFE1}.Debug|x64.Build.0 = Debug|Any CPU
		{F1BE61B0-045B-7D1E-57C7-EA489017FFE1}.Release|x64.ActiveCfg = Release|Any CPU
		{F1BE61B0-045B-7D1E-57C7-EA489017FFE1}.Release|x64.Build.0 = Release|Any CPU
		{8E13BC7A-E117-A53B-BE91-92A909013524}.Debug|x64.ActiveCfg = Debug|x64
		{8E13BC7A-E117-A53B-BE91-92A909013524}.Debug|x64.Build.0 = Debug|x64
		{8E13BC7A-E117-A53B-BE91-92A909013524}.Release|x64.ActiveCfg = Release|Any CPU
		{8E13BC7A-E117-A53B-BE91-92A909013524}.Release|x64.Build.0 = Release|Any CPU
		{F2DE8927-D80A-4751-952E-36E0B106500B}.Debug|x64.ActiveCfg = Debug|Any CPU
		{F2DE8927-D80A-4751-952E-36E0B106500B}.Debug|x64.Build.0 = Debug|Any CPU
		{F2DE8927-D80A-4751-952E-36E0B106500B}.Release|x64.ActiveCfg = Release|Any CPU
		{F2DE8927-D80A-4751-952E-36E0B106500B}.Release|x64.Build.0 = Release|Any CPU
		{776D19F4-BCB5-42D6-9000-11C39CA40B42}.Debug|x64.ActiveCfg = Debug|Any CPU
		{776D19F4-BCB5-42D6-9000-11C39CA40B42}.Debug|x64.Build.0 = Debug|Any CPU
		{776D19F4-BCB5-42D6-9000-11C39CA40B42}.Release|x64.ActiveCfg = Release|Any CPU
		{776D19F4-BCB5-42D6-9000-11C39CA40B42}.Release|x64.Build.0 = Release|Any CPU
		{33F22DEF-C085-4DFB-85BD-5D01205B55E3}.Debug|x64.ActiveCfg = Debug|Any CPU
		{33F22DEF-C085-4DFB-85BD-5D01205B55E3}.Debug|x64.Build.0 = Debug|Any CPU
		{33F22DEF-C085-4DFB-85BD-5D01205B55E3}.Release|x64.ActiveCfg = Release|Any CPU
		{33F22DEF-C085-4DFB-85BD-5D01205B55E3}.Release|x64.Build.0 = Release|Any CPU
		{2734A391-1D7B-4F3A-9EE8-544B09AE4BF4}.Debug|x64.ActiveCfg = Debug|x64
		{2734A391-1D7B-4F3A-9EE8-544B09AE4BF4}.Debug|x64.Build.0 = Debug|x64
		{2734A391-1D7B-4F3A-9EE8-544B09AE4BF4}.Release|x64.ActiveCfg = Release|Any CPU
		{2734A391-1D7B-4F3A-9EE8-544B09AE4BF4}.Release|x64.Build.0 = Release|Any CPU
		{0043620B-0DFC-4F63-BD3D-9492857BB611}.Debug|x64.ActiveCfg = Debug|Any CPU
		{0043620B-0DFC-4F63-BD3D-9492857BB611}.Debug|x64.Build.0 = Debug|Any CPU
		{0043620B-0DFC-4F63-BD3D-9492857BB611}.Release|x64.ActiveCfg = Release|Any CPU
		{0043620B-0DFC-4F63-BD3D-9492857BB611}.Release|x64.Build.0 = Release|Any CPU
		{B3972FE4-7C86-4815-ABA8-DCEC63011C23}.Debug|x64.ActiveCfg = Debug|Any CPU
		{B3972FE4-7C86-4815-ABA8-DCEC63011C23}.Debug|x64.Build.0 = Debug|Any CPU
		{B3972FE4-7C86-4815-ABA8-DCEC63011C23}.Release|x64.ActiveCfg = Release|Any CPU
		{B3972FE4-7C86-4815-ABA8-DCEC63011C23}.Release|x64.Build.0 = Release|Any CPU
		{1A81A117-A36A-8FF2-38E6-8198605B802D}.Debug|x64.ActiveCfg = Debug|Any CPU
		{1A81A117-A36A-8FF2-38E6-8198605B802D}.Debug|x64.Build.0 = Debug|Any CPU
		{1A81A117-A36A-8FF2-38E6-8198605B802D}.Release|x64.ActiveCfg = Release|Any CPU
		{1A81A117-A36A-8FF2-38E6-8198605B802D}.Release|x64.Build.0 = Release|Any CPU
		{2EA92BAF-C69B-49BF-B5E7-2CF3E9C165A2}.Debug|x64.ActiveCfg = Debug|Any CPU
		{2EA92BAF-C69B-49BF-B5E7-2CF3E9C165A2}.Debug|x64.Build.0 = Debug|Any CPU
		{2EA92BAF-C69B-49BF-B5E7-2CF3E9C165A2}.Release|x64.ActiveCfg = Release|Any CPU
		{2EA92BAF-C69B-49BF-B5E7-2CF3E9C165A2}.Release|x64.Build.0 = Release|Any CPU
		{9C119819-7645-4EE2-8206-78345A3F22A7}.Debug|x64.ActiveCfg = Debug|x64
		{9C119819-7645-4EE2-8206-78345A3F22A7}.Debug|x64.Build.0 = Debug|x64
		{9C119819-7645-4EE2-8206-78345A3F22A7}.Release|x64.ActiveCfg = Release|Any CPU
		{9C119819-7645-4EE2-8206-78345A3F22A7}.Release|x64.Build.0 = Release|Any CPU
		{9399B457-2D88-4577-91A9-6BCD35EF4719}.Debug|x64.ActiveCfg = Debug|Any CPU
		{9399B457-2D88-4577-91A9-6BCD35EF4719}.Debug|x64.Build.0 = Debug|Any CPU
		{9399B457-2D88-4577-91A9-6BCD35EF4719}.Release|x64.ActiveCfg = Release|Any CPU
		{9399B457-2D88-4577-91A9-6BCD35EF4719}.Release|x64.Build.0 = Release|Any CPU
	EndGlobalSection
	GlobalSection(SolutionProperties) = preSolution
		HideSolutionNode = FALSE
	EndGlobalSection
	GlobalSection(ExtensibilityGlobals) = postSolution
		SolutionGuid = {5B6BD3C6-9F84-44A5-86A0-1E643B24CF51}
	EndGlobalSection
EndGlobal
